// !$*UTF8*$!
{
	archiveVersion = 1;
	classes = {
	};
	objectVersion = 46;
	objects = {

/* Begin PBXBuildFile section */
		240940001B44359000A94056 /* AppDelegate.swift in Sources */ = {isa = PBXBuildFile; fileRef = 24093FFF1B44359000A94056 /* AppDelegate.swift */; };
		240940051B44359000A94056 /* Main.storyboard in Resources */ = {isa = PBXBuildFile; fileRef = 240940031B44359000A94056 /* Main.storyboard */; };
		240940071B44359000A94056 /* Images.xcassets in Resources */ = {isa = PBXBuildFile; fileRef = 240940061B44359000A94056 /* Images.xcassets */; };
		2409400A1B44359000A94056 /* LaunchScreen.xib in Resources */ = {isa = PBXBuildFile; fileRef = 240940081B44359000A94056 /* LaunchScreen.xib */; };
		240940161B44359000A94056 /* KodoLogTests.swift in Sources */ = {isa = PBXBuildFile; fileRef = 240940151B44359000A94056 /* KodoLogTests.swift */; };
		240940211B4435E100A94056 /* SensorManager.swift in Sources */ = {isa = PBXBuildFile; fileRef = 240940201B4435E100A94056 /* SensorManager.swift */; };
		240940231B4435F400A94056 /* LocationController.swift in Sources */ = {isa = PBXBuildFile; fileRef = 240940221B4435F400A94056 /* LocationController.swift */; };
		240940251B44360B00A94056 /* MotionActivityController.swift in Sources */ = {isa = PBXBuildFile; fileRef = 240940241B44360B00A94056 /* MotionActivityController.swift */; };
		240A48451B6DE1EA0022CAE3 /* GoogleMapsViewController.swift in Sources */ = {isa = PBXBuildFile; fileRef = 240A48441B6DE1EA0022CAE3 /* GoogleMapsViewController.swift */; };
		243D04521B97438E0011CC7A /* CustomLabel.swift in Sources */ = {isa = PBXBuildFile; fileRef = 243D04511B97438E0011CC7A /* CustomLabel.swift */; };
		2453C6551B5D29600090810A /* AppMainController.swift in Sources */ = {isa = PBXBuildFile; fileRef = 2453C6541B5D29600090810A /* AppMainController.swift */; };
		2453C6571B5D29B30090810A /* FileUploader.swift in Sources */ = {isa = PBXBuildFile; fileRef = 2453C6561B5D29B30090810A /* FileUploader.swift */; };
		2453C65A1B5D34620090810A /* mainico_256x256.png in Resources */ = {isa = PBXBuildFile; fileRef = 2453C6591B5D34620090810A /* mainico_256x256.png */; };
		2453C65C1B5D393D0090810A /* mainico_120x120.png in Resources */ = {isa = PBXBuildFile; fileRef = 2453C65B1B5D393D0090810A /* mainico_120x120.png */; };
		24702E121B5543D400B8D561 /* Utility.swift in Sources */ = {isa = PBXBuildFile; fileRef = 24702E111B5543D400B8D561 /* Utility.swift */; };
		2476E2811B6E5D4000A98CB9 /* gps_circle_48dp.png in Resources */ = {isa = PBXBuildFile; fileRef = 2476E27E1B6E5D4000A98CB9 /* gps_circle_48dp.png */; };
		2476E2821B6E5D4000A98CB9 /* location_48dp.png in Resources */ = {isa = PBXBuildFile; fileRef = 2476E27F1B6E5D4000A98CB9 /* location_48dp.png */; };
		2476E2831B6E5D4000A98CB9 /* route_48dp.png in Resources */ = {isa = PBXBuildFile; fileRef = 2476E2801B6E5D4000A98CB9 /* route_48dp.png */; };
		2476E2861B6E5E8400A98CB9 /* CustomButton.swift in Sources */ = {isa = PBXBuildFile; fileRef = 2476E2851B6E5E8400A98CB9 /* CustomButton.swift */; };
		24900E131B86379C001E85A7 /* SensorLogManager.swift in Sources */ = {isa = PBXBuildFile; fileRef = 24900E121B86379C001E85A7 /* SensorLogManager.swift */; };
		249899281B9884B70067CA88 /* CKCalendarView.m in Sources */ = {isa = PBXBuildFile; fileRef = 249899271B9884B70067CA88 /* CKCalendarView.m */; };
		2498992D1B9888560067CA88 /* left_arrow.png in Resources */ = {isa = PBXBuildFile; fileRef = 249899291B9888560067CA88 /* left_arrow.png */; };
		2498992E1B9888560067CA88 /* left_arrow@2x.png in Resources */ = {isa = PBXBuildFile; fileRef = 2498992A1B9888560067CA88 /* left_arrow@2x.png */; };
		2498992F1B9888560067CA88 /* right_arrow.png in Resources */ = {isa = PBXBuildFile; fileRef = 2498992B1B9888560067CA88 /* right_arrow.png */; };
		249899301B9888560067CA88 /* right_arrow@2x.png in Resources */ = {isa = PBXBuildFile; fileRef = 2498992C1B9888560067CA88 /* right_arrow@2x.png */; };
		249920001B8622A8006E6569 /* LogStore.cpp in Sources */ = {isa = PBXBuildFile; fileRef = 24991FFF1B8622A8006E6569 /* LogStore.cpp */; };
		249920021B862354006E6569 /* CPPWrapper.mm in Sources */ = {isa = PBXBuildFile; fileRef = 249920011B862354006E6569 /* CPPWrapper.mm */; };
		24B89A031B66747100A9DC98 /* LogTrace.swift in Sources */ = {isa = PBXBuildFile; fileRef = 24B89A021B66747100A9DC98 /* LogTrace.swift */; };
		B869256C124372856A7BE8A5 /* libPods.a in Frameworks */ = {isa = PBXBuildFile; fileRef = 09B978D0E7AF2D96881A5A0E /* libPods.a */; };
/* End PBXBuildFile section */

/* Begin PBXContainerItemProxy section */
		240940101B44359000A94056 /* PBXContainerItemProxy */ = {
			isa = PBXContainerItemProxy;
			containerPortal = 24093FF21B44359000A94056 /* Project object */;
			proxyType = 1;
			remoteGlobalIDString = 24093FF91B44359000A94056;
			remoteInfo = KodoLog;
		};
/* End PBXContainerItemProxy section */

/* Begin PBXFileReference section */
		09B978D0E7AF2D96881A5A0E /* libPods.a */ = {isa = PBXFileReference; explicitFileType = archive.ar; includeInIndex = 0; path = libPods.a; sourceTree = BUILT_PRODUCTS_DIR; };
		24093FFA1B44359000A94056 /* KodoLog.app */ = {isa = PBXFileReference; explicitFileType = wrapper.application; includeInIndex = 0; path = KodoLog.app; sourceTree = BUILT_PRODUCTS_DIR; };
		24093FFE1B44359000A94056 /* Info.plist */ = {isa = PBXFileReference; lastKnownFileType = text.plist.xml; path = Info.plist; sourceTree = "<group>"; };
		24093FFF1B44359000A94056 /* AppDelegate.swift */ = {isa = PBXFileReference; lastKnownFileType = sourcecode.swift; path = AppDelegate.swift; sourceTree = "<group>"; };
		240940041B44359000A94056 /* Base */ = {isa = PBXFileReference; lastKnownFileType = file.storyboard; name = Base; path = Base.lproj/Main.storyboard; sourceTree = "<group>"; };
		240940061B44359000A94056 /* Images.xcassets */ = {isa = PBXFileReference; lastKnownFileType = folder.assetcatalog; path = Images.xcassets; sourceTree = "<group>"; };
		240940091B44359000A94056 /* Base */ = {isa = PBXFileReference; lastKnownFileType = file.xib; name = Base; path = Base.lproj/LaunchScreen.xib; sourceTree = "<group>"; };
		2409400F1B44359000A94056 /* KodoLogTests.xctest */ = {isa = PBXFileReference; explicitFileType = wrapper.cfbundle; includeInIndex = 0; path = KodoLogTests.xctest; sourceTree = BUILT_PRODUCTS_DIR; };
		240940141B44359000A94056 /* Info.plist */ = {isa = PBXFileReference; lastKnownFileType = text.plist.xml; path = Info.plist; sourceTree = "<group>"; };
		240940151B44359000A94056 /* KodoLogTests.swift */ = {isa = PBXFileReference; lastKnownFileType = sourcecode.swift; path = KodoLogTests.swift; sourceTree = "<group>"; };
		240940201B4435E100A94056 /* SensorManager.swift */ = {isa = PBXFileReference; fileEncoding = 4; lastKnownFileType = sourcecode.swift; name = SensorManager.swift; path = Sensor/SensorManager.swift; sourceTree = "<group>"; };
		240940221B4435F400A94056 /* LocationController.swift */ = {isa = PBXFileReference; fileEncoding = 4; lastKnownFileType = sourcecode.swift; name = LocationController.swift; path = Sensor/LocationController.swift; sourceTree = "<group>"; };
		240940241B44360B00A94056 /* MotionActivityController.swift */ = {isa = PBXFileReference; fileEncoding = 4; lastKnownFileType = sourcecode.swift; name = MotionActivityController.swift; path = Sensor/MotionActivityController.swift; sourceTree = "<group>"; };
		240A48441B6DE1EA0022CAE3 /* GoogleMapsViewController.swift */ = {isa = PBXFileReference; fileEncoding = 4; lastKnownFileType = sourcecode.swift; path = GoogleMapsViewController.swift; sourceTree = "<group>"; };
		243D04511B97438E0011CC7A /* CustomLabel.swift */ = {isa = PBXFileReference; fileEncoding = 4; lastKnownFileType = sourcecode.swift; path = CustomLabel.swift; sourceTree = "<group>"; };
		2453C6541B5D29600090810A /* AppMainController.swift */ = {isa = PBXFileReference; fileEncoding = 4; lastKnownFileType = sourcecode.swift; path = AppMainController.swift; sourceTree = "<group>"; };
		2453C6561B5D29B30090810A /* FileUploader.swift */ = {isa = PBXFileReference; fileEncoding = 4; lastKnownFileType = sourcecode.swift; path = FileUploader.swift; sourceTree = "<group>"; };
		2453C6591B5D34620090810A /* mainico_256x256.png */ = {isa = PBXFileReference; lastKnownFileType = image.png; name = mainico_256x256.png; path = Resources/mainico_256x256.png; sourceTree = "<group>"; };
		2453C65B1B5D393D0090810A /* mainico_120x120.png */ = {isa = PBXFileReference; lastKnownFileType = image.png; name = mainico_120x120.png; path = Resources/mainico_120x120.png; sourceTree = "<group>"; };
		24702E111B5543D400B8D561 /* Utility.swift */ = {isa = PBXFileReference; fileEncoding = 4; lastKnownFileType = sourcecode.swift; path = Utility.swift; sourceTree = "<group>"; };
		2476E27E1B6E5D4000A98CB9 /* gps_circle_48dp.png */ = {isa = PBXFileReference; lastKnownFileType = image.png; name = gps_circle_48dp.png; path = Resources/gps_circle_48dp.png; sourceTree = "<group>"; };
		2476E27F1B6E5D4000A98CB9 /* location_48dp.png */ = {isa = PBXFileReference; lastKnownFileType = image.png; name = location_48dp.png; path = Resources/location_48dp.png; sourceTree = "<group>"; };
		2476E2801B6E5D4000A98CB9 /* route_48dp.png */ = {isa = PBXFileReference; lastKnownFileType = image.png; name = route_48dp.png; path = Resources/route_48dp.png; sourceTree = "<group>"; };
		2476E2851B6E5E8400A98CB9 /* CustomButton.swift */ = {isa = PBXFileReference; fileEncoding = 4; lastKnownFileType = sourcecode.swift; path = CustomButton.swift; sourceTree = "<group>"; };
		24900E121B86379C001E85A7 /* SensorLogManager.swift */ = {isa = PBXFileReference; fileEncoding = 4; lastKnownFileType = sourcecode.swift; path = SensorLogManager.swift; sourceTree = "<group>"; };
		249899261B9884B70067CA88 /* CKCalendarView.h */ = {isa = PBXFileReference; fileEncoding = 4; lastKnownFileType = sourcecode.c.h; name = CKCalendarView.h; path = objc/CKCalendarView.h; sourceTree = "<group>"; };
		249899271B9884B70067CA88 /* CKCalendarView.m */ = {isa = PBXFileReference; fileEncoding = 4; lastKnownFileType = sourcecode.c.objc; name = CKCalendarView.m; path = objc/CKCalendarView.m; sourceTree = "<group>"; };
		249899291B9888560067CA88 /* left_arrow.png */ = {isa = PBXFileReference; lastKnownFileType = image.png; name = left_arrow.png; path = Resources/left_arrow.png; sourceTree = "<group>"; };
		2498992A1B9888560067CA88 /* left_arrow@2x.png */ = {isa = PBXFileReference; lastKnownFileType = image.png; name = "left_arrow@2x.png"; path = "Resources/left_arrow@2x.png"; sourceTree = "<group>"; };
		2498992B1B9888560067CA88 /* right_arrow.png */ = {isa = PBXFileReference; lastKnownFileType = image.png; name = right_arrow.png; path = Resources/right_arrow.png; sourceTree = "<group>"; };
		2498992C1B9888560067CA88 /* right_arrow@2x.png */ = {isa = PBXFileReference; lastKnownFileType = image.png; name = "right_arrow@2x.png"; path = "Resources/right_arrow@2x.png"; sourceTree = "<group>"; };
		24991FFD1B86217A006E6569 /* LogStore.h */ = {isa = PBXFileReference; lastKnownFileType = sourcecode.c.h; path = LogStore.h; sourceTree = "<group>"; };
		24991FFF1B8622A8006E6569 /* LogStore.cpp */ = {isa = PBXFileReference; fileEncoding = 4; lastKnownFileType = sourcecode.cpp.cpp; path = LogStore.cpp; sourceTree = "<group>"; };
		249920011B862354006E6569 /* CPPWrapper.mm */ = {isa = PBXFileReference; fileEncoding = 4; lastKnownFileType = sourcecode.cpp.objcpp; path = CPPWrapper.mm; sourceTree = "<group>"; };
		249920031B862375006E6569 /* CPPWrapper.h */ = {isa = PBXFileReference; lastKnownFileType = sourcecode.c.h; path = CPPWrapper.h; sourceTree = "<group>"; };
		249920051B86275C006E6569 /* KodoLog-Swift.h */ = {isa = PBXFileReference; fileEncoding = 4; lastKnownFileType = sourcecode.c.h; path = "KodoLog-Swift.h"; sourceTree = "<group>"; };
		249920081B862ABF006E6569 /* Utility.h */ = {isa = PBXFileReference; lastKnownFileType = sourcecode.c.h; path = Utility.h; sourceTree = "<group>"; };
		24B89A021B66747100A9DC98 /* LogTrace.swift */ = {isa = PBXFileReference; fileEncoding = 4; lastKnownFileType = sourcecode.swift; path = LogTrace.swift; sourceTree = "<group>"; };
		7364319688E87881CD4C57B1 /* Pods.debug.xcconfig */ = {isa = PBXFileReference; includeInIndex = 1; lastKnownFileType = text.xcconfig; name = Pods.debug.xcconfig; path = "Pods/Target Support Files/Pods/Pods.debug.xcconfig"; sourceTree = "<group>"; };
		CB37A772AAD0AF79B19E3397 /* Pods.release.xcconfig */ = {isa = PBXFileReference; includeInIndex = 1; lastKnownFileType = text.xcconfig; name = Pods.release.xcconfig; path = "Pods/Target Support Files/Pods/Pods.release.xcconfig"; sourceTree = "<group>"; };
/* End PBXFileReference section */

/* Begin PBXFrameworksBuildPhase section */
		24093FF71B44359000A94056 /* Frameworks */ = {
			isa = PBXFrameworksBuildPhase;
			buildActionMask = 2147483647;
			files = (
				B869256C124372856A7BE8A5 /* libPods.a in Frameworks */,
			);
			runOnlyForDeploymentPostprocessing = 0;
		};
		2409400C1B44359000A94056 /* Frameworks */ = {
			isa = PBXFrameworksBuildPhase;
			buildActionMask = 2147483647;
			files = (
			);
			runOnlyForDeploymentPostprocessing = 0;
		};
/* End PBXFrameworksBuildPhase section */

/* Begin PBXGroup section */
		1E572D0DABC7C874EE1662FF /* Pods */ = {
			isa = PBXGroup;
			children = (
				7364319688E87881CD4C57B1 /* Pods.debug.xcconfig */,
				CB37A772AAD0AF79B19E3397 /* Pods.release.xcconfig */,
			);
			name = Pods;
			sourceTree = "<group>";
		};
		24093FF11B44359000A94056 = {
			isa = PBXGroup;
			children = (
				249920051B86275C006E6569 /* KodoLog-Swift.h */,
				24093FFC1B44359000A94056 /* KodoLog */,
				240940121B44359000A94056 /* KodoLogTests */,
				24093FFB1B44359000A94056 /* Products */,
				1E572D0DABC7C874EE1662FF /* Pods */,
				59865DA8D7B6FF2A1154BAC6 /* Frameworks */,
			);
			sourceTree = "<group>";
		};
		24093FFB1B44359000A94056 /* Products */ = {
			isa = PBXGroup;
			children = (
				24093FFA1B44359000A94056 /* KodoLog.app */,
				2409400F1B44359000A94056 /* KodoLogTests.xctest */,
			);
			name = Products;
			sourceTree = "<group>";
		};
		24093FFC1B44359000A94056 /* KodoLog */ = {
			isa = PBXGroup;
			children = (
				249899251B9883BE0067CA88 /* objc */,
				24991FFE1B862253006E6569 /* objcpp */,
				24991FFC1B8620D1006E6569 /* cpp */,
				243687B11B6C941A0096DC23 /* App */,
				240940061B44359000A94056 /* Images.xcassets */,
				2453C6581B5D33EE0090810A /* Resources */,
				2409401F1B4435B100A94056 /* Sensor */,
				24093FFD1B44359000A94056 /* Supporting Files */,
				24B89A011B66745C00A9DC98 /* Trace */,
				2476E2841B6E5E6100A98CB9 /* UI-Custom */,
				243687B31B6C94440096DC23 /* UIController */,
				243687B21B6C94290096DC23 /* UIDesign */,
				243687B41B6C94550096DC23 /* Utility */,
				243687B01B6C94020096DC23 /* WebService */,
			);
			path = KodoLog;
			sourceTree = "<group>";
		};
		24093FFD1B44359000A94056 /* Supporting Files */ = {
			isa = PBXGroup;
			children = (
				24093FFE1B44359000A94056 /* Info.plist */,
			);
			name = "Supporting Files";
			sourceTree = "<group>";
		};
		240940121B44359000A94056 /* KodoLogTests */ = {
			isa = PBXGroup;
			children = (
				240940151B44359000A94056 /* KodoLogTests.swift */,
				240940131B44359000A94056 /* Supporting Files */,
			);
			path = KodoLogTests;
			sourceTree = "<group>";
		};
		240940131B44359000A94056 /* Supporting Files */ = {
			isa = PBXGroup;
			children = (
				240940141B44359000A94056 /* Info.plist */,
			);
			name = "Supporting Files";
			sourceTree = "<group>";
		};
		2409401F1B4435B100A94056 /* Sensor */ = {
			isa = PBXGroup;
			children = (
				24900E121B86379C001E85A7 /* SensorLogManager.swift */,
				240940201B4435E100A94056 /* SensorManager.swift */,
				240940221B4435F400A94056 /* LocationController.swift */,
				240940241B44360B00A94056 /* MotionActivityController.swift */,
			);
			name = Sensor;
			sourceTree = "<group>";
		};
		243687B01B6C94020096DC23 /* WebService */ = {
			isa = PBXGroup;
			children = (
				2453C6561B5D29B30090810A /* FileUploader.swift */,
			);
			name = WebService;
			sourceTree = "<group>";
		};
		243687B11B6C941A0096DC23 /* App */ = {
			isa = PBXGroup;
			children = (
				24093FFF1B44359000A94056 /* AppDelegate.swift */,
				2453C6541B5D29600090810A /* AppMainController.swift */,
			);
			name = App;
			sourceTree = "<group>";
		};
		243687B21B6C94290096DC23 /* UIDesign */ = {
			isa = PBXGroup;
			children = (
				240940081B44359000A94056 /* LaunchScreen.xib */,
				240940031B44359000A94056 /* Main.storyboard */,
			);
			name = UIDesign;
			sourceTree = "<group>";
		};
		243687B31B6C94440096DC23 /* UIController */ = {
			isa = PBXGroup;
			children = (
				240A48441B6DE1EA0022CAE3 /* GoogleMapsViewController.swift */,
			);
			name = UIController;
			sourceTree = "<group>";
		};
		243687B41B6C94550096DC23 /* Utility */ = {
			isa = PBXGroup;
			children = (
				24702E111B5543D400B8D561 /* Utility.swift */,
			);
			name = Utility;
			sourceTree = "<group>";
		};
		2453C6581B5D33EE0090810A /* Resources */ = {
			isa = PBXGroup;
			children = (
				249899291B9888560067CA88 /* left_arrow.png */,
				2498992A1B9888560067CA88 /* left_arrow@2x.png */,
				2498992B1B9888560067CA88 /* right_arrow.png */,
				2498992C1B9888560067CA88 /* right_arrow@2x.png */,
				2476E27E1B6E5D4000A98CB9 /* gps_circle_48dp.png */,
				2476E27F1B6E5D4000A98CB9 /* location_48dp.png */,
				2476E2801B6E5D4000A98CB9 /* route_48dp.png */,
				2453C65B1B5D393D0090810A /* mainico_120x120.png */,
				2453C6591B5D34620090810A /* mainico_256x256.png */,
			);
			name = Resources;
			sourceTree = "<group>";
		};
		2476E2841B6E5E6100A98CB9 /* UI-Custom */ = {
			isa = PBXGroup;
			children = (
				2476E2851B6E5E8400A98CB9 /* CustomButton.swift */,
				243D04511B97438E0011CC7A /* CustomLabel.swift */,
			);
			name = "UI-Custom";
			sourceTree = "<group>";
		};
		249899251B9883BE0067CA88 /* objc */ = {
			isa = PBXGroup;
			children = (
				249899261B9884B70067CA88 /* CKCalendarView.h */,
				249899271B9884B70067CA88 /* CKCalendarView.m */,
			);
			name = objc;
			sourceTree = "<group>";
		};
		24991FFC1B8620D1006E6569 /* cpp */ = {
			isa = PBXGroup;
			children = (
				249920071B862AA7006E6569 /* Utility */,
				249920061B862A9E006E6569 /* LogStore */,
			);
			name = cpp;
			sourceTree = "<group>";
		};
		24991FFE1B862253006E6569 /* objcpp */ = {
			isa = PBXGroup;
			children = (
				249920011B862354006E6569 /* CPPWrapper.mm */,
				249920031B862375006E6569 /* CPPWrapper.h */,
			);
			name = objcpp;
			sourceTree = "<group>";
		};
		249920061B862A9E006E6569 /* LogStore */ = {
			isa = PBXGroup;
			children = (
				24991FFD1B86217A006E6569 /* LogStore.h */,
				24991FFF1B8622A8006E6569 /* LogStore.cpp */,
			);
			name = LogStore;
			sourceTree = "<group>";
		};
		249920071B862AA7006E6569 /* Utility */ = {
			isa = PBXGroup;
			children = (
				249920081B862ABF006E6569 /* Utility.h */,
			);
			name = Utility;
			sourceTree = "<group>";
		};
		24B89A011B66745C00A9DC98 /* Trace */ = {
			isa = PBXGroup;
			children = (
				24B89A021B66747100A9DC98 /* LogTrace.swift */,
			);
			name = Trace;
			sourceTree = "<group>";
		};
		59865DA8D7B6FF2A1154BAC6 /* Frameworks */ = {
			isa = PBXGroup;
			children = (
				09B978D0E7AF2D96881A5A0E /* libPods.a */,
			);
			name = Frameworks;
			sourceTree = "<group>";
		};
/* End PBXGroup section */

/* Begin PBXNativeTarget section */
		24093FF91B44359000A94056 /* KodoLog */ = {
			isa = PBXNativeTarget;
			buildConfigurationList = 240940191B44359000A94056 /* Build configuration list for PBXNativeTarget "KodoLog" */;
			buildPhases = (
				609201BD943F6B20D4E6D2D7 /* Check Pods Manifest.lock */,
				24093FF61B44359000A94056 /* Sources */,
				24093FF71B44359000A94056 /* Frameworks */,
				24093FF81B44359000A94056 /* Resources */,
				0E54D2AC5E6BBCB8772D2854 /* Copy Pods Resources */,
			);
			buildRules = (
			);
			dependencies = (
			);
			name = KodoLog;
			productName = KodoLog;
			productReference = 24093FFA1B44359000A94056 /* KodoLog.app */;
			productType = "com.apple.product-type.application";
		};
		2409400E1B44359000A94056 /* KodoLogTests */ = {
			isa = PBXNativeTarget;
			buildConfigurationList = 2409401C1B44359000A94056 /* Build configuration list for PBXNativeTarget "KodoLogTests" */;
			buildPhases = (
				2409400B1B44359000A94056 /* Sources */,
				2409400C1B44359000A94056 /* Frameworks */,
				2409400D1B44359000A94056 /* Resources */,
			);
			buildRules = (
			);
			dependencies = (
				240940111B44359000A94056 /* PBXTargetDependency */,
			);
			name = KodoLogTests;
			productName = KodoLogTests;
			productReference = 2409400F1B44359000A94056 /* KodoLogTests.xctest */;
			productType = "com.apple.product-type.bundle.unit-test";
		};
/* End PBXNativeTarget section */

/* Begin PBXProject section */
		24093FF21B44359000A94056 /* Project object */ = {
			isa = PBXProject;
			attributes = {
				LastUpgradeCheck = 0630;
				ORGANIZATIONNAME = KudoShunsuke;
				TargetAttributes = {
					24093FF91B44359000A94056 = {
						CreatedOnToolsVersion = 6.3.2;
						DevelopmentTeam = 993XGLVYRR;
					};
					2409400E1B44359000A94056 = {
						CreatedOnToolsVersion = 6.3.2;
						TestTargetID = 24093FF91B44359000A94056;
					};
				};
			};
			buildConfigurationList = 24093FF51B44359000A94056 /* Build configuration list for PBXProject "KodoLog" */;
			compatibilityVersion = "Xcode 3.2";
			developmentRegion = English;
			hasScannedForEncodings = 0;
			knownRegions = (
				en,
				Base,
			);
			mainGroup = 24093FF11B44359000A94056;
			productRefGroup = 24093FFB1B44359000A94056 /* Products */;
			projectDirPath = "";
			projectRoot = "";
			targets = (
				24093FF91B44359000A94056 /* KodoLog */,
				2409400E1B44359000A94056 /* KodoLogTests */,
			);
		};
/* End PBXProject section */

/* Begin PBXResourcesBuildPhase section */
		24093FF81B44359000A94056 /* Resources */ = {
			isa = PBXResourcesBuildPhase;
			buildActionMask = 2147483647;
			files = (
				240940051B44359000A94056 /* Main.storyboard in Resources */,
				2409400A1B44359000A94056 /* LaunchScreen.xib in Resources */,
				2498992F1B9888560067CA88 /* right_arrow.png in Resources */,
				2453C65A1B5D34620090810A /* mainico_256x256.png in Resources */,
				240940071B44359000A94056 /* Images.xcassets in Resources */,
				2476E2821B6E5D4000A98CB9 /* location_48dp.png in Resources */,
				2498992E1B9888560067CA88 /* left_arrow@2x.png in Resources */,
				2476E2811B6E5D4000A98CB9 /* gps_circle_48dp.png in Resources */,
				2498992D1B9888560067CA88 /* left_arrow.png in Resources */,
				2453C65C1B5D393D0090810A /* mainico_120x120.png in Resources */,
				2476E2831B6E5D4000A98CB9 /* route_48dp.png in Resources */,
				249899301B9888560067CA88 /* right_arrow@2x.png in Resources */,
			);
			runOnlyForDeploymentPostprocessing = 0;
		};
		2409400D1B44359000A94056 /* Resources */ = {
			isa = PBXResourcesBuildPhase;
			buildActionMask = 2147483647;
			files = (
			);
			runOnlyForDeploymentPostprocessing = 0;
		};
/* End PBXResourcesBuildPhase section */

/* Begin PBXShellScriptBuildPhase section */
		0E54D2AC5E6BBCB8772D2854 /* Copy Pods Resources */ = {
			isa = PBXShellScriptBuildPhase;
			buildActionMask = 2147483647;
			files = (
			);
			inputPaths = (
			);
			name = "Copy Pods Resources";
			outputPaths = (
			);
			runOnlyForDeploymentPostprocessing = 0;
			shellPath = /bin/sh;
			shellScript = "\"${SRCROOT}/Pods/Target Support Files/Pods/Pods-resources.sh\"\n";
			showEnvVarsInLog = 0;
		};
		609201BD943F6B20D4E6D2D7 /* Check Pods Manifest.lock */ = {
			isa = PBXShellScriptBuildPhase;
			buildActionMask = 2147483647;
			files = (
			);
			inputPaths = (
			);
			name = "Check Pods Manifest.lock";
			outputPaths = (
			);
			runOnlyForDeploymentPostprocessing = 0;
			shellPath = /bin/sh;
			shellScript = "diff \"${PODS_ROOT}/../Podfile.lock\" \"${PODS_ROOT}/Manifest.lock\" > /dev/null\nif [[ $? != 0 ]] ; then\n    cat << EOM\nerror: The sandbox is not in sync with the Podfile.lock. Run 'pod install' or update your CocoaPods installation.\nEOM\n    exit 1\nfi\n";
			showEnvVarsInLog = 0;
		};
/* End PBXShellScriptBuildPhase section */

/* Begin PBXSourcesBuildPhase section */
		24093FF61B44359000A94056 /* Sources */ = {
			isa = PBXSourcesBuildPhase;
			buildActionMask = 2147483647;
			files = (
				249899281B9884B70067CA88 /* CKCalendarView.m in Sources */,
				249920001B8622A8006E6569 /* LogStore.cpp in Sources */,
				240940231B4435F400A94056 /* LocationController.swift in Sources */,
				24B89A031B66747100A9DC98 /* LogTrace.swift in Sources */,
				243D04521B97438E0011CC7A /* CustomLabel.swift in Sources */,
				24900E131B86379C001E85A7 /* SensorLogManager.swift in Sources */,
				2453C6571B5D29B30090810A /* FileUploader.swift in Sources */,
				240940251B44360B00A94056 /* MotionActivityController.swift in Sources */,
				2476E2861B6E5E8400A98CB9 /* CustomButton.swift in Sources */,
				2453C6551B5D29600090810A /* AppMainController.swift in Sources */,
				24702E121B5543D400B8D561 /* Utility.swift in Sources */,
				240A48451B6DE1EA0022CAE3 /* GoogleMapsViewController.swift in Sources */,
				240940211B4435E100A94056 /* SensorManager.swift in Sources */,
				240940001B44359000A94056 /* AppDelegate.swift in Sources */,
				249920021B862354006E6569 /* CPPWrapper.mm in Sources */,
			);
			runOnlyForDeploymentPostprocessing = 0;
		};
		2409400B1B44359000A94056 /* Sources */ = {
			isa = PBXSourcesBuildPhase;
			buildActionMask = 2147483647;
			files = (
				240940161B44359000A94056 /* KodoLogTests.swift in Sources */,
			);
			runOnlyForDeploymentPostprocessing = 0;
		};
/* End PBXSourcesBuildPhase section */

/* Begin PBXTargetDependency section */
		240940111B44359000A94056 /* PBXTargetDependency */ = {
			isa = PBXTargetDependency;
			target = 24093FF91B44359000A94056 /* KodoLog */;
			targetProxy = 240940101B44359000A94056 /* PBXContainerItemProxy */;
		};
/* End PBXTargetDependency section */

/* Begin PBXVariantGroup section */
		240940031B44359000A94056 /* Main.storyboard */ = {
			isa = PBXVariantGroup;
			children = (
				240940041B44359000A94056 /* Base */,
			);
			name = Main.storyboard;
			sourceTree = "<group>";
		};
		240940081B44359000A94056 /* LaunchScreen.xib */ = {
			isa = PBXVariantGroup;
			children = (
				240940091B44359000A94056 /* Base */,
			);
			name = LaunchScreen.xib;
			sourceTree = "<group>";
		};
/* End PBXVariantGroup section */

/* Begin XCBuildConfiguration section */
		240940171B44359000A94056 /* Debug */ = {
			isa = XCBuildConfiguration;
			buildSettings = {
				ALWAYS_SEARCH_USER_PATHS = NO;
				CLANG_CXX_LANGUAGE_STANDARD = "gnu++0x";
				CLANG_CXX_LIBRARY = "libc++";
				CLANG_ENABLE_MODULES = YES;
				CLANG_ENABLE_OBJC_ARC = YES;
				CLANG_WARN_BOOL_CONVERSION = YES;
				CLANG_WARN_CONSTANT_CONVERSION = YES;
				CLANG_WARN_DIRECT_OBJC_ISA_USAGE = YES_ERROR;
				CLANG_WARN_EMPTY_BODY = YES;
				CLANG_WARN_ENUM_CONVERSION = YES;
				CLANG_WARN_INT_CONVERSION = YES;
				CLANG_WARN_OBJC_ROOT_CLASS = YES_ERROR;
				CLANG_WARN_UNREACHABLE_CODE = YES;
				CLANG_WARN__DUPLICATE_METHOD_MATCH = YES;
				"CODE_SIGN_IDENTITY[sdk=iphoneos*]" = "iPhone Developer";
				COPY_PHASE_STRIP = NO;
				DEBUG_INFORMATION_FORMAT = "dwarf-with-dsym";
				ENABLE_STRICT_OBJC_MSGSEND = YES;
				GCC_C_LANGUAGE_STANDARD = gnu99;
				GCC_DYNAMIC_NO_PIC = NO;
				GCC_NO_COMMON_BLOCKS = YES;
				GCC_OPTIMIZATION_LEVEL = 0;
				GCC_PREPROCESSOR_DEFINITIONS = (
					"DEBUG=1",
					"$(inherited)",
				);
				GCC_SYMBOLS_PRIVATE_EXTERN = NO;
				GCC_WARN_64_TO_32_BIT_CONVERSION = YES;
				GCC_WARN_ABOUT_RETURN_TYPE = YES_ERROR;
				GCC_WARN_UNDECLARED_SELECTOR = YES;
				GCC_WARN_UNINITIALIZED_AUTOS = YES_AGGRESSIVE;
				GCC_WARN_UNUSED_FUNCTION = YES;
				GCC_WARN_UNUSED_VARIABLE = YES;
				IPHONEOS_DEPLOYMENT_TARGET = 8.3;
				MTL_ENABLE_DEBUG_INFO = YES;
				ONLY_ACTIVE_ARCH = YES;
				SDKROOT = iphoneos;
				SWIFT_OPTIMIZATION_LEVEL = "-Onone";
			};
			name = Debug;
		};
		240940181B44359000A94056 /* Release */ = {
			isa = XCBuildConfiguration;
			buildSettings = {
				ALWAYS_SEARCH_USER_PATHS = NO;
				CLANG_CXX_LANGUAGE_STANDARD = "gnu++0x";
				CLANG_CXX_LIBRARY = "libc++";
				CLANG_ENABLE_MODULES = YES;
				CLANG_ENABLE_OBJC_ARC = YES;
				CLANG_WARN_BOOL_CONVERSION = YES;
				CLANG_WARN_CONSTANT_CONVERSION = YES;
				CLANG_WARN_DIRECT_OBJC_ISA_USAGE = YES_ERROR;
				CLANG_WARN_EMPTY_BODY = YES;
				CLANG_WARN_ENUM_CONVERSION = YES;
				CLANG_WARN_INT_CONVERSION = YES;
				CLANG_WARN_OBJC_ROOT_CLASS = YES_ERROR;
				CLANG_WARN_UNREACHABLE_CODE = YES;
				CLANG_WARN__DUPLICATE_METHOD_MATCH = YES;
				"CODE_SIGN_IDENTITY[sdk=iphoneos*]" = "iPhone Developer";
				COPY_PHASE_STRIP = NO;
				DEBUG_INFORMATION_FORMAT = "dwarf-with-dsym";
				ENABLE_NS_ASSERTIONS = NO;
				ENABLE_STRICT_OBJC_MSGSEND = YES;
				GCC_C_LANGUAGE_STANDARD = gnu99;
				GCC_NO_COMMON_BLOCKS = YES;
				GCC_WARN_64_TO_32_BIT_CONVERSION = YES;
				GCC_WARN_ABOUT_RETURN_TYPE = YES_ERROR;
				GCC_WARN_UNDECLARED_SELECTOR = YES;
				GCC_WARN_UNINITIALIZED_AUTOS = YES_AGGRESSIVE;
				GCC_WARN_UNUSED_FUNCTION = YES;
				GCC_WARN_UNUSED_VARIABLE = YES;
				IPHONEOS_DEPLOYMENT_TARGET = 8.3;
				MTL_ENABLE_DEBUG_INFO = NO;
				SDKROOT = iphoneos;
				VALIDATE_PRODUCT = YES;
			};
			name = Release;
		};
		2409401A1B44359000A94056 /* Debug */ = {
			isa = XCBuildConfiguration;
			baseConfigurationReference = 7364319688E87881CD4C57B1 /* Pods.debug.xcconfig */;
			buildSettings = {
				ASSETCATALOG_COMPILER_APPICON_NAME = AppIcon;
				CLANG_ENABLE_MODULES = YES;
				CODE_SIGN_IDENTITY = "iPhone Developer";
				"CODE_SIGN_IDENTITY[sdk=iphoneos*]" = "iPhone Developer";
				INFOPLIST_FILE = KodoLog/Info.plist;
				LD_RUNPATH_SEARCH_PATHS = "$(inherited) @executable_path/Frameworks";
				OTHER_SWIFT_FLAGS = "";
				"OTHER_SWIFT_FLAGS[arch=*]" = "-DENABLE_XCODECOLORS -DDEBUG";
				PRODUCT_NAME = "$(TARGET_NAME)";
				PROVISIONING_PROFILE = "";
				SWIFT_INSTALL_OBJC_HEADER = YES;
				SWIFT_OBJC_BRIDGING_HEADER = "$(SWIFT_MODULE_NAME)-Swift.h";
				SWIFT_OBJC_INTERFACE_HEADER_NAME = "";
				SWIFT_OPTIMIZATION_LEVEL = "-Onone";
			};
			name = Debug;
		};
		2409401B1B44359000A94056 /* Release */ = {
			isa = XCBuildConfiguration;
			baseConfigurationReference = CB37A772AAD0AF79B19E3397 /* Pods.release.xcconfig */;
			buildSettings = {
				ASSETCATALOG_COMPILER_APPICON_NAME = AppIcon;
				CLANG_ENABLE_MODULES = YES;
				CODE_SIGN_IDENTITY = "iPhone Developer";
				"CODE_SIGN_IDENTITY[sdk=iphoneos*]" = "iPhone Developer";
				INFOPLIST_FILE = KodoLog/Info.plist;
				LD_RUNPATH_SEARCH_PATHS = "$(inherited) @executable_path/Frameworks";
				"OTHER_SWIFT_FLAGS[arch=*]" = "";
				PRODUCT_NAME = "$(TARGET_NAME)";
				PROVISIONING_PROFILE = "";
				SWIFT_INSTALL_OBJC_HEADER = YES;
				SWIFT_OBJC_BRIDGING_HEADER = "$(SWIFT_MODULE_NAME)-Swift.h";
				SWIFT_OBJC_INTERFACE_HEADER_NAME = "";
			};
			name = Release;
		};
		2409401D1B44359000A94056 /* Debug */ = {
			isa = XCBuildConfiguration;
			buildSettings = {
				BUNDLE_LOADER = "$(TEST_HOST)";
				FRAMEWORK_SEARCH_PATHS = (
					"$(SDKROOT)/Developer/Library/Frameworks",
					"$(inherited)",
				);
				GCC_PREPROCESSOR_DEFINITIONS = (
					"DEBUG=1",
					"$(inherited)",
				);
				INFOPLIST_FILE = KodoLogTests/Info.plist;
				LD_RUNPATH_SEARCH_PATHS = "$(inherited) @executable_path/Frameworks @loader_path/Frameworks";
				PRODUCT_NAME = "$(TARGET_NAME)";
				TEST_HOST = "$(BUILT_PRODUCTS_DIR)/KodoLog.app/KodoLog";
			};
			name = Debug;
		};
		2409401E1B44359000A94056 /* Release */ = {
			isa = XCBuildConfiguration;
			buildSettings = {
				BUNDLE_LOADER = "$(TEST_HOST)";
				FRAMEWORK_SEARCH_PATHS = (
					"$(SDKROOT)/Developer/Library/Frameworks",
					"$(inherited)",
				);
				INFOPLIST_FILE = KodoLogTests/Info.plist;
				LD_RUNPATH_SEARCH_PATHS = "$(inherited) @executable_path/Frameworks @loader_path/Frameworks";
				PRODUCT_NAME = "$(TARGET_NAME)";
				TEST_HOST = "$(BUILT_PRODUCTS_DIR)/KodoLog.app/KodoLog";
			};
			name = Release;
		};
/* End XCBuildConfiguration section */

/* Begin XCConfigurationList section */
		24093FF51B44359000A94056 /* Build configuration list for PBXProject "KodoLog" */ = {
			isa = XCConfigurationList;
			buildConfigurations = (
				240940171B44359000A94056 /* Debug */,
				240940181B44359000A94056 /* Release */,
			);
			defaultConfigurationIsVisible = 0;
			defaultConfigurationName = Release;
		};
		240940191B44359000A94056 /* Build configuration list for PBXNativeTarget "KodoLog" */ = {
			isa = XCConfigurationList;
			buildConfigurations = (
				2409401A1B44359000A94056 /* Debug */,
				2409401B1B44359000A94056 /* Release */,
			);
			defaultConfigurationIsVisible = 0;
			defaultConfigurationName = Release;
		};
		2409401C1B44359000A94056 /* Build configuration list for PBXNativeTarget "KodoLogTests" */ = {
			isa = XCConfigurationList;
			buildConfigurations = (
				2409401D1B44359000A94056 /* Debug */,
				2409401E1B44359000A94056 /* Release */,
			);
			defaultConfigurationIsVisible = 0;
			defaultConfigurationName = Release;
		};
/* End XCConfigurationList section */
	};
	rootObject = 24093FF21B44359000A94056 /* Project object */;
}
